
Microsoft Visual Studio Solution File, Format Version 12.00
# Visual Studio 15
VisualStudioVersion = 15.0.28307.168
MinimumVisualStudioVersion = 10.0.40219.1
Project("{FAE04EC0-301F-11D3-BF4B-00C04F79EFBC}") = "ImageProcessor", "ImageProcessor\ImageProcessor.csproj", "{AEA64D50-26E9-43D1-98E7-2D150FFD22D4}"
EndProject
Global
	GlobalSection(SolutionConfigurationPlatforms) = preSolution
		Debug|Any CPU = Debug|Any CPU
		Release|Any CPU = Release|Any CPU
	EndGlobalSection
	GlobalSection(ProjectConfigurationPlatforms) = postSolution
		{AEA64D50-26E9-43D1-98E7-2D150FFD22D4}.Debug|Any CPU.ActiveCfg = Debug|Any CPU
		{AEA64D50-26E9-43D1-98E7-2D150FFD22D4}.Debug|Any CPU.Build.0 = Debug|Any CPU
		{AEA64D50-26E9-43D1-98E7-2D150FFD22D4}.Release|Any CPU.ActiveCfg = Release|Any CPU
		{AEA64D50-26E9-43D1-98E7-2D150FFD22D4}.Release|Any CPU.Build.0 = Release|Any CPU
	EndGlobalSection
	GlobalSection(SolutionProperties) = preSolution
		HideSolutionNode = FALSE
	EndGlobalSection
	GlobalSection(ExtensibilityGlobals) = postSolution
		SolutionGuid = {2733B6F8-8E07-42AC-957B-43F5FAC2391E}
	EndGlobalSection
EndGlobal
